<?xml version="1.0" encoding="utf-8"?>
<Project ToolsVersion="4.0" xmlns="http://schemas.microsoft.com/developer/msbuild/2003">
  <ItemGroup>
    <Filter Include="Source Files">
      <UniqueIdentifier>{4FC737F1-C7A5-4376-A066-2A32D752A2FF}</UniqueIdentifier>
      <Extensions>cpp;c;cc;cxx;c++;cppm;ixx;def;odl;idl;hpj;bat;asm;asmx</Extensions>
    </Filter>
    <Filter Include="Header Files">
      <UniqueIdentifier>{93995380-89BD-4b04-88EB-625FBE52EBFB}</UniqueIdentifier>
      <Extensions>h;hh;hpp;hxx;h++;hm;inl;inc;ipp;xsd</Extensions>
    </Filter>
    <Filter Include="Resource Files">
      <UniqueIdentifier>{67DA6AB6-F800-4c08-8B7A-83BB121AAD01}</UniqueIdentifier>
      <Extensions>rc;ico;cur;bmp;dlg;rc2;rct;bin;rgs;gif;jpg;jpeg;jpe;resx;tiff;tif;png;wav;mfcribbon-ms</Extensions>
    </Filter>
  </ItemGroup>
  <ItemGroup>
    <ClCompile Include="VulcanEngine\Window\WindowClass\WindowClass.cpp">
      <Filter>Source Files</Filter>
    </ClCompile>
    <ClCompile Include="Applications\FirstApp\FirstApp.cpp">
      <Filter>Source Files</Filter>
    </ClCompile>
    <ClCompile Include="VulcanEngine\Pipeline\Pipeline\Pipeline.cpp">
      <Filter>Source Files</Filter>
    </ClCompile>
    <ClCompile Include="VulcanEngine\Logger\Logger.cpp">
      <Filter>Source Files</Filter>
    </ClCompile>
    <ClCompile Include="VulcanEngine\Pipeline\EngineDevice\EngineDevice.cpp">
      <Filter>Source Files</Filter>
    </ClCompile>
    <ClCompile Include="VulcanEngine\Pipeline\SwapChain\SwapChain.cpp">
      <Filter>Source Files</Filter>
    </ClCompile>
    <ClCompile Include="VulcanEngine\Model\Model.cpp">
      <Filter>Source Files</Filter>
    </ClCompile>
    <ClCompile Include="VulcanEngine\Model\GameObject\GameObject.cpp">
      <Filter>Source Files</Filter>
    </ClCompile>
    <ClCompile Include="VulcanEngine\Rendering\Renderer\Renderer.cpp">
      <Filter>Source Files</Filter>
    </ClCompile>
    <ClCompile Include="VulcanEngine\Rendering\RenderSystem\SimpleRenderSystem\SimpleRenderSystem.cpp">
      <Filter>Source Files</Filter>
    </ClCompile>
    <ClCompile Include="VulcanEngine\DixCamera\DixCamera.cpp">
      <Filter>Source Files</Filter>
    </ClCompile>
    <ClCompile Include="VulcanEngine\Input\Keyboard\KeyboardController.cpp">
      <Filter>Source Files</Filter>
    </ClCompile>
    <ClCompile Include="VulcanEngine\Pipeline\Buffer\DixBuffer.cpp">
      <Filter>Source Files</Filter>
    </ClCompile>
    <ClCompile Include="VulcanEngine\Pipeline\DixDescriptors\DixDescriptors.cpp">
      <Filter>Source Files</Filter>
    </ClCompile>
    <ClCompile Include="Applications\FirstApp\AppContext.cpp">
      <Filter>Source Files</Filter>
    </ClCompile>
    <ClCompile Include="VulcanEngine\UI\UiPipeline.cpp">
      <Filter>Source Files</Filter>
    </ClCompile>
    <ClCompile Include="VulcanEngine\UI\UIRenderer.cpp">
      <Filter>Source Files</Filter>
    </ClCompile>
    <ClCompile Include="VulcanEngine\DixCamera\FpsCounter\FpsCounter.cpp">
      <Filter>Source Files</Filter>
    </ClCompile>
    <ClCompile Include="VulcanEngine\Pipeline\ShaderModule\ShaderModule.cpp">
      <Filter>Source Files</Filter>
    </ClCompile>
    <ClCompile Include="VulcanEngine\Pipeline\PipelineConfigInfo\PipelineConfigInfo.cpp">
      <Filter>Source Files</Filter>
    </ClCompile>
    <ClCompile Include="VulcanEngine\Model\DixTexture\DixTexture.cpp">
      <Filter>Source Files</Filter>
    </ClCompile>
    <ClCompile Include="VulcanEngine\Model\DixImage\DixImage.cpp">
      <Filter>Source Files</Filter>
    </ClCompile>
    <ClCompile Include="VulcanEngine\main.cpp">
      <Filter>Source Files</Filter>
    </ClCompile>
    <ClCompile Include="VulcanEngine\UI\DixUIElement.cpp">
      <Filter>Source Files</Filter>
    </ClCompile>
    <ClCompile Include="VulcanEngine\DixUI\DixFpsCounter.cpp">
      <Filter>Source Files</Filter>
    </ClCompile>
    <ClCompile Include="VulcanEngine\DixUI\DixTimeCounter.cpp">
      <Filter>Source Files</Filter>
    </ClCompile>
  </ItemGroup>
  <ItemGroup>
    <ClInclude Include="VulcanEngine\Window\WindowClass\WindowClass.hpp">
      <Filter>Header Files</Filter>
    </ClInclude>
    <ClInclude Include="Applications\FirstApp\FirstApp.hpp">
      <Filter>Header Files</Filter>
    </ClInclude>
    <ClInclude Include="VulcanEngine\Pipeline\PipelineManager\PipelineManager.hpp">
      <Filter>Header Files</Filter>
    </ClInclude>
    <ClInclude Include="VulcanEngine\Pipeline\Pipeline\Pipeline.hpp">
      <Filter>Header Files</Filter>
    </ClInclude>
    <ClInclude Include="VulcanEngine\Logger\Logger.hpp">
      <Filter>Header Files</Filter>
    </ClInclude>
    <ClInclude Include="VulcanEngine\Utils\Converter.hpp">
      <Filter>Header Files</Filter>
    </ClInclude>
    <ClInclude Include="VulcanEngine\Pipeline\EngineDevice\EngineDevice.hpp">
      <Filter>Header Files</Filter>
    </ClInclude>
    <ClInclude Include="VulcanEngine\Pipeline\SwapChain\SwapChain.hpp">
      <Filter>Header Files</Filter>
    </ClInclude>
    <ClInclude Include="VulcanEngine\Model\Model.hpp">
      <Filter>Header Files</Filter>
    </ClInclude>
    <ClInclude Include="VulcanEngine\Model\GameObject\GameObject.hpp">
      <Filter>Header Files</Filter>
    </ClInclude>
    <ClInclude Include="VulcanEngine\Rendering\Renderer\Renderer.hpp">
      <Filter>Header Files</Filter>
    </ClInclude>
    <ClInclude Include="VulcanEngine\Rendering\RenderSystem\SimpleRenderSystem\SimpleRenderSystem.hpp">
      <Filter>Header Files</Filter>
    </ClInclude>
    <ClInclude Include="VulcanEngine\DixCamera\DixCamera.hpp">
      <Filter>Header Files</Filter>
    </ClInclude>
    <ClInclude Include="VulcanEngine\Input\Keyboard\KeyboardController.hpp">
      <Filter>Header Files</Filter>
    </ClInclude>
    <ClInclude Include="VulcanEngine\Utils\Hash.hpp">
      <Filter>Header Files</Filter>
    </ClInclude>
    <ClInclude Include="VulcanEngine\Pipeline\Buffer\DixBuffer.hpp">
      <Filter>Header Files</Filter>
    </ClInclude>
    <ClInclude Include="VulcanEngine\Utils\FrameInfo.hpp">
      <Filter>Header Files</Filter>
    </ClInclude>
    <ClInclude Include="VulcanEngine\Pipeline\DixDescriptors\DixDescriptors.hpp">
      <Filter>Header Files</Filter>
    </ClInclude>
    <ClInclude Include="Applications\FirstApp\AppContext.hpp">
      <Filter>Header Files</Filter>
    </ClInclude>
    <ClInclude Include="VulcanEngine\UI\IUIElement.hpp">
      <Filter>Header Files</Filter>
    </ClInclude>
    <ClInclude Include="VulcanEngine\UI\UIManager.hpp">
      <Filter>Header Files</Filter>
    </ClInclude>
    <ClInclude Include="VulcanEngine\UI\UiPipeline.hpp">
      <Filter>Header Files</Filter>
    </ClInclude>
    <ClInclude Include="VulcanEngine\UI\UIRenderer.hpp">
      <Filter>Header Files</Filter>
    </ClInclude>
    <ClInclude Include="VulcanEngine\DixCamera\FpsCounter\FpsCounter.hpp">
      <Filter>Header Files</Filter>
    </ClInclude>
    <ClInclude Include="Dependecies\stb_image.h">
      <Filter>Header Files</Filter>
    </ClInclude>
    <ClInclude Include="VulcanEngine\Pipeline\ShaderModule\ShaderModule.hpp">
      <Filter>Header Files</Filter>
    </ClInclude>
    <ClInclude Include="VulcanEngine\Pipeline\PipelineConfigInfo\PipelineConfigInfo.hpp">
      <Filter>Header Files</Filter>
    </ClInclude>
    <ClInclude Include="Dependecies\tiny_obj_loader.h">
      <Filter>Header Files</Filter>
    </ClInclude>
    <ClInclude Include="VulcanEngine\Model\DixTexture\DixTexture.hpp">
      <Filter>Header Files</Filter>
    </ClInclude>
    <ClInclude Include="VulcanEngine\Model\DixImage\DixImage.hpp">
      <Filter>Header Files</Filter>
    </ClInclude>
    <ClInclude Include="VulcanEngine\UI\DixUIElement.hpp">
      <Filter>Header Files</Filter>
    </ClInclude>
    <ClInclude Include="VulcanEngine\DixUI\DixFpsCounter.hpp">
      <Filter>Header Files</Filter>
    </ClInclude>
    <ClInclude Include="VulcanEngine\DixUI\DixTimeCounter.hpp">
      <Filter>Header Files</Filter>
    </ClInclude>
  </ItemGroup>
  <ItemGroup>
    <None Include="VulcanEngine\Shaders\SimpleShader\simple_shader.vert" />
    <None Include="VulcanEngine\Shaders\SimpleShader\simple_shader.frag" />
    <None Include="VulcanEngine\Shaders\compile.bat" />
    <None Include="VulcanEngine\Shaders\UI\ui.vert" />
    <None Include="VulcanEngine\Shaders\UI\ui.frag" />
    <None Include=".github\copilot-instructions.md" />
    <None Include="scripts\generate_sources.ps1" />
    <None Include="compile_commands.json" />
    <None Include="MakeFile" />
  </ItemGroup>
  <ItemGroup>
    <Text Include="CMakeLists.txt" />
  </ItemGroup>
</Project>